// !$*UTF8*$!
{
	archiveVersion = 1;
	classes = {
	};
	objectVersion = 55;
	objects = {

/* Begin PBXBuildFile section */
		4E1B24A4287E929900B04F5C /* AppDelegate.swift in Sources */ = {isa = PBXBuildFile; fileRef = 4E1B24A3287E929900B04F5C /* AppDelegate.swift */; };
		4E1B24A6287E929900B04F5C /* SceneDelegate.swift in Sources */ = {isa = PBXBuildFile; fileRef = 4E1B24A5287E929900B04F5C /* SceneDelegate.swift */; };
		4E1B24A8287E929900B04F5C /* ViewController.swift in Sources */ = {isa = PBXBuildFile; fileRef = 4E1B24A7287E929900B04F5C /* ViewController.swift */; };
		4E1B24AB287E929900B04F5C /* Main.storyboard in Resources */ = {isa = PBXBuildFile; fileRef = 4E1B24A9287E929900B04F5C /* Main.storyboard */; };
		4E1B24AD287E929C00B04F5C /* Assets.xcassets in Resources */ = {isa = PBXBuildFile; fileRef = 4E1B24AC287E929C00B04F5C /* Assets.xcassets */; };
		4E1B24B0287E929C00B04F5C /* LaunchScreen.storyboard in Resources */ = {isa = PBXBuildFile; fileRef = 4E1B24AE287E929C00B04F5C /* LaunchScreen.storyboard */; };
		4E45E2F0287FBE53002D368F /* IQKeyboardManagerSwift in Frameworks */ = {isa = PBXBuildFile; productRef = 4E45E2EF287FBE53002D368F /* IQKeyboardManagerSwift */; };
		4EC7207E287FAF5C002BD23F /* SideMenu in Frameworks */ = {isa = PBXBuildFile; productRef = 4EC7207D287FAF5C002BD23F /* SideMenu */; };
		4EC72081287FAFCB002BD23F /* FSCalendar in Frameworks */ = {isa = PBXBuildFile; productRef = 4EC72080287FAFCB002BD23F /* FSCalendar */; };
		4EC72084287FB001002BD23F /* TextFieldEffects in Frameworks */ = {isa = PBXBuildFile; productRef = 4EC72083287FB001002BD23F /* TextFieldEffects */; };
/* End PBXBuildFile section */

/* Begin PBXFileReference section */
		4E1B24A0287E929900B04F5C /* sesac_anniversary.app */ = {isa = PBXFileReference; explicitFileType = wrapper.application; includeInIndex = 0; path = sesac_anniversary.app; sourceTree = BUILT_PRODUCTS_DIR; };
		4E1B24A3287E929900B04F5C /* AppDelegate.swift */ = {isa = PBXFileReference; lastKnownFileType = sourcecode.swift; path = AppDelegate.swift; sourceTree = "<group>"; };
		4E1B24A5287E929900B04F5C /* SceneDelegate.swift */ = {isa = PBXFileReference; lastKnownFileType = sourcecode.swift; path = SceneDelegate.swift; sourceTree = "<group>"; };
		4E1B24A7287E929900B04F5C /* ViewController.swift */ = {isa = PBXFileReference; lastKnownFileType = sourcecode.swift; path = ViewController.swift; sourceTree = "<group>"; };
		4E1B24AA287E929900B04F5C /* Base */ = {isa = PBXFileReference; lastKnownFileType = file.storyboard; name = Base; path = Base.lproj/Main.storyboard; sourceTree = "<group>"; };
		4E1B24AC287E929C00B04F5C /* Assets.xcassets */ = {isa = PBXFileReference; lastKnownFileType = folder.assetcatalog; path = Assets.xcassets; sourceTree = "<group>"; };
		4E1B24AF287E929C00B04F5C /* Base */ = {isa = PBXFileReference; lastKnownFileType = file.storyboard; name = Base; path = Base.lproj/LaunchScreen.storyboard; sourceTree = "<group>"; };
		4E1B24B1287E929C00B04F5C /* Info.plist */ = {isa = PBXFileReference; lastKnownFileType = text.plist.xml; path = Info.plist; sourceTree = "<group>"; };
/* End PBXFileReference section */

/* Begin PBXFrameworksBuildPhase section */
		4E1B249D287E929900B04F5C /* Frameworks */ = {
			isa = PBXFrameworksBuildPhase;
			buildActionMask = 2147483647;
			files = (
				4EC72084287FB001002BD23F /* TextFieldEffects in Frameworks */,
				4E45E2F0287FBE53002D368F /* IQKeyboardManagerSwift in Frameworks */,
				4EC7207E287FAF5C002BD23F /* SideMenu in Frameworks */,
				4EC72081287FAFCB002BD23F /* FSCalendar in Frameworks */,
			);
			runOnlyForDeploymentPostprocessing = 0;
		};
/* End PBXFrameworksBuildPhase section */

/* Begin PBXGroup section */
		4E1B2497287E929900B04F5C = {
			isa = PBXGroup;
			children = (
				4E1B24A2287E929900B04F5C /* sesac_anniversary */,
				4E1B24A1287E929900B04F5C /* Products */,
			);
			sourceTree = "<group>";
		};
		4E1B24A1287E929900B04F5C /* Products */ = {
			isa = PBXGroup;
			children = (
				4E1B24A0287E929900B04F5C /* sesac_anniversary.app */,
			);
			name = Products;
			sourceTree = "<group>";
		};
		4E1B24A2287E929900B04F5C /* sesac_anniversary */ = {
			isa = PBXGroup;
			children = (
				4E1B24A3287E929900B04F5C /* AppDelegate.swift */,
				4E1B24A5287E929900B04F5C /* SceneDelegate.swift */,
				4E1B24A7287E929900B04F5C /* ViewController.swift */,
				4E1B24A9287E929900B04F5C /* Main.storyboard */,
				4E1B24AC287E929C00B04F5C /* Assets.xcassets */,
				4E1B24AE287E929C00B04F5C /* LaunchScreen.storyboard */,
				4E1B24B1287E929C00B04F5C /* Info.plist */,
			);
			path = sesac_anniversary;
			sourceTree = "<group>";
		};
/* End PBXGroup section */

/* Begin PBXNativeTarget section */
		4E1B249F287E929900B04F5C /* sesac_anniversary */ = {
			isa = PBXNativeTarget;
			buildConfigurationList = 4E1B24B4287E929C00B04F5C /* Build configuration list for PBXNativeTarget "sesac_anniversary" */;
			buildPhases = (
				4E1B249C287E929900B04F5C /* Sources */,
				4E1B249D287E929900B04F5C /* Frameworks */,
				4E1B249E287E929900B04F5C /* Resources */,
			);
			buildRules = (
			);
			dependencies = (
			);
			name = sesac_anniversary;
			packageProductDependencies = (
				4EC7207D287FAF5C002BD23F /* SideMenu */,
				4EC72080287FAFCB002BD23F /* FSCalendar */,
				4EC72083287FB001002BD23F /* TextFieldEffects */,
				4E45E2EF287FBE53002D368F /* IQKeyboardManagerSwift */,
			);
			productName = sesac_anniversary;
			productReference = 4E1B24A0287E929900B04F5C /* sesac_anniversary.app */;
			productType = "com.apple.product-type.application";
		};
/* End PBXNativeTarget section */

/* Begin PBXProject section */
		4E1B2498287E929900B04F5C /* Project object */ = {
			isa = PBXProject;
			attributes = {
				BuildIndependentTargetsInParallel = 1;
				LastSwiftUpdateCheck = 1340;
				LastUpgradeCheck = 1340;
				TargetAttributes = {
					4E1B249F287E929900B04F5C = {
						CreatedOnToolsVersion = 13.4.1;
					};
				};
			};
			buildConfigurationList = 4E1B249B287E929900B04F5C /* Build configuration list for PBXProject "sesac_anniversary" */;
			compatibilityVersion = "Xcode 13.0";
			developmentRegion = en;
			hasScannedForEncodings = 0;
			knownRegions = (
				en,
				Base,
			);
			mainGroup = 4E1B2497287E929900B04F5C;
			packageReferences = (
				4EC7207C287FAF5C002BD23F /* XCRemoteSwiftPackageReference "SideMenu" */,
				4EC7207F287FAFCB002BD23F /* XCRemoteSwiftPackageReference "FSCalendar" */,
				4EC72082287FB001002BD23F /* XCRemoteSwiftPackageReference "TextFieldEffects" */,
				4E45E2EE287FBE53002D368F /* XCRemoteSwiftPackageReference "IQKeyboardManager" */,
			);
			productRefGroup = 4E1B24A1287E929900B04F5C /* Products */;
			projectDirPath = "";
			projectRoot = "";
			targets = (
				4E1B249F287E929900B04F5C /* sesac_anniversary */,
			);
		};
/* End PBXProject section */

/* Begin PBXResourcesBuildPhase section */
		4E1B249E287E929900B04F5C /* Resources */ = {
			isa = PBXResourcesBuildPhase;
			buildActionMask = 2147483647;
			files = (
				4E1B24B0287E929C00B04F5C /* LaunchScreen.storyboard in Resources */,
				4E1B24AD287E929C00B04F5C /* Assets.xcassets in Resources */,
				4E1B24AB287E929900B04F5C /* Main.storyboard in Resources */,
			);
			runOnlyForDeploymentPostprocessing = 0;
		};
/* End PBXResourcesBuildPhase section */

/* Begin PBXSourcesBuildPhase section */
		4E1B249C287E929900B04F5C /* Sources */ = {
			isa = PBXSourcesBuildPhase;
			buildActionMask = 2147483647;
			files = (
				4E1B24A8287E929900B04F5C /* ViewController.swift in Sources */,
				4E1B24A4287E929900B04F5C /* AppDelegate.swift in Sources */,
				4E1B24A6287E929900B04F5C /* SceneDelegate.swift in Sources */,
			);
			runOnlyForDeploymentPostprocessing = 0;
		};
/* End PBXSourcesBuildPhase section */

/* Begin PBXVariantGroup section */
		4E1B24A9287E929900B04F5C /* Main.storyboard */ = {
			isa = PBXVariantGroup;
			children = (
				4E1B24AA287E929900B04F5C /* Base */,
			);
			name = Main.storyboard;
			sourceTree = "<group>";
		};
		4E1B24AE287E929C00B04F5C /* LaunchScreen.storyboard */ = {
			isa = PBXVariantGroup;
			children = (
				4E1B24AF287E929C00B04F5C /* Base */,
			);
			name = LaunchScreen.storyboard;
			sourceTree = "<group>";
		};
/* End PBXVariantGroup section */

/* Begin XCBuildConfiguration section */
		4E1B24B2287E929C00B04F5C /* Debug */ = {
			isa = XCBuildConfiguration;
			buildSettings = {
				ALWAYS_SEARCH_USER_PATHS = NO;
				CLANG_ANALYZER_NONNULL = YES;
				CLANG_ANALYZER_NUMBER_OBJECT_CONVERSION = YES_AGGRESSIVE;
				CLANG_CXX_LANGUAGE_STANDARD = "gnu++17";
				CLANG_ENABLE_MODULES = YES;
				CLANG_ENABLE_OBJC_ARC = YES;
				CLANG_ENABLE_OBJC_WEAK = YES;
				CLANG_WARN_BLOCK_CAPTURE_AUTORELEASING = YES;
				CLANG_WARN_BOOL_CONVERSION = YES;
				CLANG_WARN_COMMA = YES;
				CLANG_WARN_CONSTANT_CONVERSION = YES;
				CLANG_WARN_DEPRECATED_OBJC_IMPLEMENTATIONS = YES;
				CLANG_WARN_DIRECT_OBJC_ISA_USAGE = YES_ERROR;
				CLANG_WARN_DOCUMENTATION_COMMENTS = YES;
				CLANG_WARN_EMPTY_BODY = YES;
				CLANG_WARN_ENUM_CONVERSION = YES;
				CLANG_WARN_INFINITE_RECURSION = YES;
				CLANG_WARN_INT_CONVERSION = YES;
				CLANG_WARN_NON_LITERAL_NULL_CONVERSION = YES;
				CLANG_WARN_OBJC_IMPLICIT_RETAIN_SELF = YES;
				CLANG_WARN_OBJC_LITERAL_CONVERSION = YES;
				CLANG_WARN_OBJC_ROOT_CLASS = YES_ERROR;
				CLANG_WARN_QUOTED_INCLUDE_IN_FRAMEWORK_HEADER = YES;
				CLANG_WARN_RANGE_LOOP_ANALYSIS = YES;
				CLANG_WARN_STRICT_PROTOTYPES = YES;
				CLANG_WARN_SUSPICIOUS_MOVE = YES;
				CLANG_WARN_UNGUARDED_AVAILABILITY = YES_AGGRESSIVE;
				CLANG_WARN_UNREACHABLE_CODE = YES;
				CLANG_WARN__DUPLICATE_METHOD_MATCH = YES;
				COPY_PHASE_STRIP = NO;
				DEBUG_INFORMATION_FORMAT = dwarf;
				ENABLE_STRICT_OBJC_MSGSEND = YES;
				ENABLE_TESTABILITY = YES;
				GCC_C_LANGUAGE_STANDARD = gnu11;
				GCC_DYNAMIC_NO_PIC = NO;
				GCC_NO_COMMON_BLOCKS = YES;
				GCC_OPTIMIZATION_LEVEL = 0;
				GCC_PREPROCESSOR_DEFINITIONS = (
					"DEBUG=1",
					"$(inherited)",
				);
				GCC_WARN_64_TO_32_BIT_CONVERSION = YES;
				GCC_WARN_ABOUT_RETURN_TYPE = YES_ERROR;
				GCC_WARN_UNDECLARED_SELECTOR = YES;
				GCC_WARN_UNINITIALIZED_AUTOS = YES_AGGRESSIVE;
				GCC_WARN_UNUSED_FUNCTION = YES;
				GCC_WARN_UNUSED_VARIABLE = YES;
				IPHONEOS_DEPLOYMENT_TARGET = 15.5;
				MTL_ENABLE_DEBUG_INFO = INCLUDE_SOURCE;
				MTL_FAST_MATH = YES;
				ONLY_ACTIVE_ARCH = YES;
				SDKROOT = iphoneos;
				SWIFT_ACTIVE_COMPILATION_CONDITIONS = DEBUG;
				SWIFT_OPTIMIZATION_LEVEL = "-Onone";
			};
			name = Debug;
		};
		4E1B24B3287E929C00B04F5C /* Release */ = {
			isa = XCBuildConfiguration;
			buildSettings = {
				ALWAYS_SEARCH_USER_PATHS = NO;
				CLANG_ANALYZER_NONNULL = YES;
				CLANG_ANALYZER_NUMBER_OBJECT_CONVERSION = YES_AGGRESSIVE;
				CLANG_CXX_LANGUAGE_STANDARD = "gnu++17";
				CLANG_ENABLE_MODULES = YES;
				CLANG_ENABLE_OBJC_ARC = YES;
				CLANG_ENABLE_OBJC_WEAK = YES;
				CLANG_WARN_BLOCK_CAPTURE_AUTORELEASING = YES;
				CLANG_WARN_BOOL_CONVERSION = YES;
				CLANG_WARN_COMMA = YES;
				CLANG_WARN_CONSTANT_CONVERSION = YES;
				CLANG_WARN_DEPRECATED_OBJC_IMPLEMENTATIONS = YES;
				CLANG_WARN_DIRECT_OBJC_ISA_USAGE = YES_ERROR;
				CLANG_WARN_DOCUMENTATION_COMMENTS = YES;
				CLANG_WARN_EMPTY_BODY = YES;
				CLANG_WARN_ENUM_CONVERSION = YES;
				CLANG_WARN_INFINITE_RECURSION = YES;
				CLANG_WARN_INT_CONVERSION = YES;
				CLANG_WARN_NON_LITERAL_NULL_CONVERSION = YES;
				CLANG_WARN_OBJC_IMPLICIT_RETAIN_SELF = YES;
				CLANG_WARN_OBJC_LITERAL_CONVERSION = YES;
				CLANG_WARN_OBJC_ROOT_CLASS = YES_ERROR;
				CLANG_WARN_QUOTED_INCLUDE_IN_FRAMEWORK_HEADER = YES;
				CLANG_WARN_RANGE_LOOP_ANALYSIS = YES;
				CLANG_WARN_STRICT_PROTOTYPES = YES;
				CLANG_WARN_SUSPICIOUS_MOVE = YES;
				CLANG_WARN_UNGUARDED_AVAILABILITY = YES_AGGRESSIVE;
				CLANG_WARN_UNREACHABLE_CODE = YES;
				CLANG_WARN__DUPLICATE_METHOD_MATCH = YES;
				COPY_PHASE_STRIP = NO;
				DEBUG_INFORMATION_FORMAT = "dwarf-with-dsym";
				ENABLE_NS_ASSERTIONS = NO;
				ENABLE_STRICT_OBJC_MSGSEND = YES;
				GCC_C_LANGUAGE_STANDARD = gnu11;
				GCC_NO_COMMON_BLOCKS = YES;
				GCC_WARN_64_TO_32_BIT_CONVERSION = YES;
				GCC_WARN_ABOUT_RETURN_TYPE = YES_ERROR;
				GCC_WARN_UNDECLARED_SELECTOR = YES;
				GCC_WARN_UNINITIALIZED_AUTOS = YES_AGGRESSIVE;
				GCC_WARN_UNUSED_FUNCTION = YES;
				GCC_WARN_UNUSED_VARIABLE = YES;
				IPHONEOS_DEPLOYMENT_TARGET = 15.5;
				MTL_ENABLE_DEBUG_INFO = NO;
				MTL_FAST_MATH = YES;
				SDKROOT = iphoneos;
				SWIFT_COMPILATION_MODE = wholemodule;
				SWIFT_OPTIMIZATION_LEVEL = "-O";
				VALIDATE_PRODUCT = YES;
			};
			name = Release;
		};
		4E1B24B5287E929C00B04F5C /* Debug */ = {
			isa = XCBuildConfiguration;
			buildSettings = {
				ASSETCATALOG_COMPILER_APPICON_NAME = AppIcon;
				ASSETCATALOG_COMPILER_GLOBAL_ACCENT_COLOR_NAME = AccentColor;
				CODE_SIGN_STYLE = Automatic;
				CURRENT_PROJECT_VERSION = 1;
				GENERATE_INFOPLIST_FILE = YES;
				INFOPLIST_FILE = sesac_anniversary/Info.plist;
				INFOPLIST_KEY_UIApplicationSupportsIndirectInputEvents = YES;
				INFOPLIST_KEY_UILaunchStoryboardName = LaunchScreen;
				INFOPLIST_KEY_UIMainStoryboardFile = Main;
				INFOPLIST_KEY_UISupportedInterfaceOrientations_iPad = "UIInterfaceOrientationPortrait UIInterfaceOrientationPortraitUpsideDown UIInterfaceOrientationLandscapeLeft UIInterfaceOrientationLandscapeRight";
				INFOPLIST_KEY_UISupportedInterfaceOrientations_iPhone = "UIInterfaceOrientationPortrait UIInterfaceOrientationLandscapeLeft UIInterfaceOrientationLandscapeRight";
				LD_RUNPATH_SEARCH_PATHS = (
					"$(inherited)",
					"@executable_path/Frameworks",
				);
				MARKETING_VERSION = 1.0;
				PRODUCT_BUNDLE_IDENTIFIER = "com.sihyun.sesac-anniversary";
				PRODUCT_NAME = "$(TARGET_NAME)";
				SWIFT_EMIT_LOC_STRINGS = YES;
				SWIFT_VERSION = 5.0;
				TARGETED_DEVICE_FAMILY = "1,2";
			};
			name = Debug;
		};
		4E1B24B6287E929C00B04F5C /* Release */ = {
			isa = XCBuildConfiguration;
			buildSettings = {
				ASSETCATALOG_COMPILER_APPICON_NAME = AppIcon;
				ASSETCATALOG_COMPILER_GLOBAL_ACCENT_COLOR_NAME = AccentColor;
				CODE_SIGN_STYLE = Automatic;
				CURRENT_PROJECT_VERSION = 1;
				GENERATE_INFOPLIST_FILE = YES;
				INFOPLIST_FILE = sesac_anniversary/Info.plist;
				INFOPLIST_KEY_UIApplicationSupportsIndirectInputEvents = YES;
				INFOPLIST_KEY_UILaunchStoryboardName = LaunchScreen;
				INFOPLIST_KEY_UIMainStoryboardFile = Main;
				INFOPLIST_KEY_UISupportedInterfaceOrientations_iPad = "UIInterfaceOrientationPortrait UIInterfaceOrientationPortraitUpsideDown UIInterfaceOrientationLandscapeLeft UIInterfaceOrientationLandscapeRight";
				INFOPLIST_KEY_UISupportedInterfaceOrientations_iPhone = "UIInterfaceOrientationPortrait UIInterfaceOrientationLandscapeLeft UIInterfaceOrientationLandscapeRight";
				LD_RUNPATH_SEARCH_PATHS = (
					"$(inherited)",
					"@executable_path/Frameworks",
				);
				MARKETING_VERSION = 1.0;
				PRODUCT_BUNDLE_IDENTIFIER = "com.sihyun.sesac-anniversary";
				PRODUCT_NAME = "$(TARGET_NAME)";
				SWIFT_EMIT_LOC_STRINGS = YES;
				SWIFT_VERSION = 5.0;
				TARGETED_DEVICE_FAMILY = "1,2";
			};
			name = Release;
		};
/* End XCBuildConfiguration section */

/* Begin XCConfigurationList section */
		4E1B249B287E929900B04F5C /* Build configuration list for PBXProject "sesac_anniversary" */ = {
			isa = XCConfigurationList;
			buildConfigurations = (
				4E1B24B2287E929C00B04F5C /* Debug */,
				4E1B24B3287E929C00B04F5C /* Release */,
			);
			defaultConfigurationIsVisible = 0;
			defaultConfigurationName = Release;
		};
		4E1B24B4287E929C00B04F5C /* Build configuration list for PBXNativeTarget "sesac_anniversary" */ = {
			isa = XCConfigurationList;
			buildConfigurations = (
				4E1B24B5287E929C00B04F5C /* Debug */,
				4E1B24B6287E929C00B04F5C /* Release */,
			);
			defaultConfigurationIsVisible = 0;
			defaultConfigurationName = Release;
		};
/* End XCConfigurationList section */

/* Begin XCRemoteSwiftPackageReference section */
		4E45E2EE287FBE53002D368F /* XCRemoteSwiftPackageReference "IQKeyboardManager" */ = {
			isa = XCRemoteSwiftPackageReference;
			repositoryURL = "https://github.com/hackiftekhar/IQKeyboardManager";
			requirement = {
				kind = exactVersion;
				version = 6.5.0;
			};
		};
		4EC7207C287FAF5C002BD23F /* XCRemoteSwiftPackageReference "SideMenu" */ = {
			isa = XCRemoteSwiftPackageReference;
			repositoryURL = "https://github.com/jonkykong/SideMenu.git";
			requirement = {
				kind = upToNextMajorVersion;
				minimumVersion = 6.0.0;
			};
		};
		4EC7207F287FAFCB002BD23F /* XCRemoteSwiftPackageReference "FSCalendar" */ = {
			isa = XCRemoteSwiftPackageReference;
			repositoryURL = "https://github.com/WenchaoD/FSCalendar.git";
			requirement = {
				kind = upToNextMajorVersion;
				minimumVersion = 2.0.0;
			};
		};
		4EC72082287FB001002BD23F /* XCRemoteSwiftPackageReference "TextFieldEffects" */ = {
			isa = XCRemoteSwiftPackageReference;
			repositoryURL = "https://github.com/raulriera/TextFieldEffects.git";
			requirement = {
				kind = upToNextMajorVersion;
				minimumVersion = 1.0.0;
			};
		};
/* End XCRemoteSwiftPackageReference section */

/* Begin XCSwiftPackageProductDependency section */
		4E45E2EF287FBE53002D368F /* IQKeyboardManagerSwift */ = {
			isa = XCSwiftPackageProductDependency;
			package = 4E45E2EE287FBE53002D368F /* XCRemoteSwiftPackageReference "IQKeyboardManager" */;
			productName = IQKeyboardManagerSwift;
		};
		4EC7207D287FAF5C002BD23F /* SideMenu */ = {
			isa = XCSwiftPackageProductDependency;
			package = 4EC7207C287FAF5C002BD23F /* XCRemoteSwiftPackageReference "SideMenu" */;
			productName = SideMenu;
		};
		4EC72080287FAFCB002BD23F /* FSCalendar */ = {
			isa = XCSwiftPackageProductDependency;
			package = 4EC7207F287FAFCB002BD23F /* XCRemoteSwiftPackageReference "FSCalendar" */;
			productName = FSCalendar;
		};
		4EC72083287FB001002BD23F /* TextFieldEffects */ = {
			isa = XCSwiftPackageProductDependency;
			package = 4EC72082287FB001002BD23F /* XCRemoteSwiftPackageReference "TextFieldEffects" */;
			productName = TextFieldEffects;
		};
/* End XCSwiftPackageProductDependency section */
	};
	rootObject = 4E1B2498287E929900B04F5C /* Project object */;
}
